# This file is automatically @generated by Cargo.
# It is not intended for manual editing.
[[package]]
name = "solana-bpf-rust-noop"
version = "0.16.0"
dependencies = [
 "solana-sdk-bpf-no-std 0.19.0-pre0",
 "solana-sdk-bpf-test 0.19.0-pre0",
 "solana-sdk-bpf-utils 0.19.0-pre0",
]

[[package]]
name = "solana-sdk-bpf-no-std"
version = "0.19.0-pre0"
dependencies = [
 "solana-sdk-bpf-utils 0.19.0-pre0",
]

[[package]]
name = "solana-sdk-bpf-test"
version = "0.19.0-pre0"

[[package]]
name = "solana-sdk-bpf-utils"
version = "0.19.0-pre0"

